
Microsoft Visual Studio Solution File, Format Version 12.00
# Visual Studio Version 17
VisualStudioVersion = 17.11.35222.181
MinimumVisualStudioVersion = 10.0.40219.1
Project("{FAE04EC0-301F-11D3-BF4B-00C04F79EFBC}") = "pe.com.ciberelectrik.api", "pe.com.ciberelectrik.api\pe.com.ciberelectrik.api.csproj", "{AA329748-4961-424C-8FC5-0ECE95408914}"
EndProject
Global
	GlobalSection(SolutionConfigurationPlatforms) = preSolution
		Debug|Any CPU = Debug|Any CPU
		Release|Any CPU = Release|Any CPU
	EndGlobalSection
	GlobalSection(ProjectConfigurationPlatforms) = postSolution
		{AA329748-4961-424C-8FC5-0ECE95408914}.Debug|Any CPU.ActiveCfg = Debug|Any CPU
		{AA329748-4961-424C-8FC5-0ECE95408914}.Debug|Any CPU.Build.0 = Debug|Any CPU
		{AA329748-4961-424C-8FC5-0ECE95408914}.Release|Any CPU.ActiveCfg = Release|Any CPU
		{AA329748-4961-424C-8FC5-0ECE95408914}.Release|Any CPU.Build.0 = Release|Any CPU
	EndGlobalSection
	GlobalSection(SolutionProperties) = preSolution
		HideSolutionNode = FALSE
	EndGlobalSection
	GlobalSection(ExtensibilityGlobals) = postSolution
		SolutionGuid = {3B32BB95-5CB6-44D4-8043-AEF18CA2F1A5}
	EndGlobalSection
EndGlobal
